// !$*UTF8*$!
{
	archiveVersion = 1;
	classes = {
	};
	objectVersion = 77;
	objects = {

/* Begin PBXBuildFile section */
		8A6DD0F52D6F237D009307A0 /* POSTRequest.swift in Sources */ = {isa = PBXBuildFile; fileRef = 8A6DD0F42D6F237D009307A0 /* POSTRequest.swift */; };
		8A98390A2D7D90CF00761D6D /* KeychainSwift in Frameworks */ = {isa = PBXBuildFile; productRef = 8A9839092D7D90CF00761D6D /* KeychainSwift */; };
/* End PBXBuildFile section */

/* Begin PBXContainerItemProxy section */
		8ABA21A52D6C9CCE0073A87A /* PBXContainerItemProxy */ = {
			isa = PBXContainerItemProxy;
			containerPortal = 8ABA218C2D6C9CCC0073A87A /* Project object */;
			proxyType = 1;
			remoteGlobalIDString = 8ABA21932D6C9CCC0073A87A;
			remoteInfo = udacityStudies;
		};
		8ABA21AF2D6C9CCE0073A87A /* PBXContainerItemProxy */ = {
			isa = PBXContainerItemProxy;
			containerPortal = 8ABA218C2D6C9CCC0073A87A /* Project object */;
			proxyType = 1;
			remoteGlobalIDString = 8ABA21932D6C9CCC0073A87A;
			remoteInfo = udacityStudies;
		};
/* End PBXContainerItemProxy section */

/* Begin PBXFileReference section */
		8A6DD0F42D6F237D009307A0 /* POSTRequest.swift */ = {isa = PBXFileReference; lastKnownFileType = sourcecode.swift; path = POSTRequest.swift; sourceTree = "<group>"; };
		8ABA21942D6C9CCC0073A87A /* UdacityStudies.app */ = {isa = PBXFileReference; explicitFileType = wrapper.application; includeInIndex = 0; path = UdacityStudies.app; sourceTree = BUILT_PRODUCTS_DIR; };
		8ABA21A42D6C9CCE0073A87A /* UdacityStudiesTests.xctest */ = {isa = PBXFileReference; explicitFileType = wrapper.cfbundle; includeInIndex = 0; path = UdacityStudiesTests.xctest; sourceTree = BUILT_PRODUCTS_DIR; };
		8ABA21AE2D6C9CCE0073A87A /* UdacityStudiesUITests.xctest */ = {isa = PBXFileReference; explicitFileType = wrapper.cfbundle; includeInIndex = 0; path = UdacityStudiesUITests.xctest; sourceTree = BUILT_PRODUCTS_DIR; };
/* End PBXFileReference section */

/* Begin PBXFileSystemSynchronizedRootGroup section */
		8ABA21962D6C9CCC0073A87A /* UdacityStudies */ = {
			isa = PBXFileSystemSynchronizedRootGroup;
			path = UdacityStudies;
			sourceTree = "<group>";
		};
		8ABA21A72D6C9CCE0073A87A /* UdacityStudiesTests */ = {
			isa = PBXFileSystemSynchronizedRootGroup;
			path = UdacityStudiesTests;
			sourceTree = "<group>";
		};
/* End PBXFileSystemSynchronizedRootGroup section */

/* Begin PBXFrameworksBuildPhase section */
		8ABA21912D6C9CCC0073A87A /* Frameworks */ = {
			isa = PBXFrameworksBuildPhase;
			buildActionMask = 2147483647;
			files = (
				8A98390A2D7D90CF00761D6D /* KeychainSwift in Frameworks */,
			);
			runOnlyForDeploymentPostprocessing = 0;
		};
		8ABA21A12D6C9CCE0073A87A /* Frameworks */ = {
			isa = PBXFrameworksBuildPhase;
			buildActionMask = 2147483647;
			files = (
			);
			runOnlyForDeploymentPostprocessing = 0;
		};
		8ABA21AB2D6C9CCE0073A87A /* Frameworks */ = {
			isa = PBXFrameworksBuildPhase;
			buildActionMask = 2147483647;
			files = (
			);
			runOnlyForDeploymentPostprocessing = 0;
		};
/* End PBXFrameworksBuildPhase section */

/* Begin PBXGroup section */
		8A6DD0F32D6F233C009307A0 /* Theory */ = {
			isa = PBXGroup;
			children = (
				8A6DD0F42D6F237D009307A0 /* POSTRequest.swift */,
			);
			path = Theory;
			sourceTree = "<group>";
		};
		8ABA218B2D6C9CCC0073A87A = {
			isa = PBXGroup;
			children = (
				8ABA21962D6C9CCC0073A87A /* UdacityStudies */,
				8A6DD0F32D6F233C009307A0 /* Theory */,
				8ABA21A72D6C9CCE0073A87A /* UdacityStudiesTests */,
				8ABA21952D6C9CCC0073A87A /* Products */,
			);
			sourceTree = "<group>";
		};
		8ABA21952D6C9CCC0073A87A /* Products */ = {
			isa = PBXGroup;
			children = (
				8ABA21942D6C9CCC0073A87A /* UdacityStudies.app */,
				8ABA21A42D6C9CCE0073A87A /* UdacityStudiesTests.xctest */,
				8ABA21AE2D6C9CCE0073A87A /* UdacityStudiesUITests.xctest */,
			);
			name = Products;
			sourceTree = "<group>";
		};
/* End PBXGroup section */

/* Begin PBXNativeTarget section */
		8ABA21932D6C9CCC0073A87A /* UdacityStudies */ = {
			isa = PBXNativeTarget;
			buildConfigurationList = 8ABA21B82D6C9CCE0073A87A /* Build configuration list for PBXNativeTarget "UdacityStudies" */;
			buildPhases = (
				8ABA21902D6C9CCC0073A87A /* Sources */,
				8ABA21912D6C9CCC0073A87A /* Frameworks */,
				8ABA21922D6C9CCC0073A87A /* Resources */,
			);
			buildRules = (
			);
			dependencies = (
			);
			fileSystemSynchronizedGroups = (
				8ABA21962D6C9CCC0073A87A /* UdacityStudies */,
			);
			name = UdacityStudies;
			packageProductDependencies = (
				8A9839092D7D90CF00761D6D /* KeychainSwift */,
			);
			productName = udacityStudies;
			productReference = 8ABA21942D6C9CCC0073A87A /* UdacityStudies.app */;
			productType = "com.apple.product-type.application";
		};
		8ABA21A32D6C9CCE0073A87A /* UdacityStudiesTests */ = {
			isa = PBXNativeTarget;
			buildConfigurationList = 8ABA21BB2D6C9CCE0073A87A /* Build configuration list for PBXNativeTarget "UdacityStudiesTests" */;
			buildPhases = (
				8ABA21A02D6C9CCE0073A87A /* Sources */,
				8ABA21A12D6C9CCE0073A87A /* Frameworks */,
				8ABA21A22D6C9CCE0073A87A /* Resources */,
			);
			buildRules = (
			);
			dependencies = (
				8ABA21A62D6C9CCE0073A87A /* PBXTargetDependency */,
			);
			fileSystemSynchronizedGroups = (
				8ABA21A72D6C9CCE0073A87A /* UdacityStudiesTests */,
			);
			name = UdacityStudiesTests;
			packageProductDependencies = (
			);
			productName = udacityStudiesTests;
			productReference = 8ABA21A42D6C9CCE0073A87A /* UdacityStudiesTests.xctest */;
			productType = "com.apple.product-type.bundle.unit-test";
		};
		8ABA21AD2D6C9CCE0073A87A /* UdacityStudiesUITests */ = {
			isa = PBXNativeTarget;
			buildConfigurationList = 8ABA21BE2D6C9CCE0073A87A /* Build configuration list for PBXNativeTarget "UdacityStudiesUITests" */;
			buildPhases = (
				8ABA21AA2D6C9CCE0073A87A /* Sources */,
				8ABA21AB2D6C9CCE0073A87A /* Frameworks */,
				8ABA21AC2D6C9CCE0073A87A /* Resources */,
			);
			buildRules = (
			);
			dependencies = (
				8ABA21B02D6C9CCE0073A87A /* PBXTargetDependency */,
			);
			name = UdacityStudiesUITests;
			packageProductDependencies = (
			);
			productName = udacityStudiesUITests;
			productReference = 8ABA21AE2D6C9CCE0073A87A /* UdacityStudiesUITests.xctest */;
			productType = "com.apple.product-type.bundle.ui-testing";
		};
/* End PBXNativeTarget section */

/* Begin PBXProject section */
		8ABA218C2D6C9CCC0073A87A /* Project object */ = {
			isa = PBXProject;
			attributes = {
				BuildIndependentTargetsInParallel = 1;
				LastSwiftUpdateCheck = 1620;
				LastUpgradeCheck = 1620;
				TargetAttributes = {
					8ABA21932D6C9CCC0073A87A = {
						CreatedOnToolsVersion = 16.2;
					};
					8ABA21A32D6C9CCE0073A87A = {
						CreatedOnToolsVersion = 16.2;
						TestTargetID = 8ABA21932D6C9CCC0073A87A;
					};
					8ABA21AD2D6C9CCE0073A87A = {
						CreatedOnToolsVersion = 16.2;
						TestTargetID = 8ABA21932D6C9CCC0073A87A;
					};
				};
			};
			buildConfigurationList = 8ABA218F2D6C9CCC0073A87A /* Build configuration list for PBXProject "UdacityStudies" */;
			developmentRegion = en;
			hasScannedForEncodings = 0;
			knownRegions = (
				en,
				Base,
			);
			mainGroup = 8ABA218B2D6C9CCC0073A87A;
			minimizedProjectReferenceProxies = 1;
			packageReferences = (
				8A9839082D7D90CF00761D6D /* XCRemoteSwiftPackageReference "keychain-swift" */,
			);
			preferredProjectObjectVersion = 77;
			productRefGroup = 8ABA21952D6C9CCC0073A87A /* Products */;
			projectDirPath = "";
			projectRoot = "";
			targets = (
				8ABA21932D6C9CCC0073A87A /* UdacityStudies */,
				8ABA21A32D6C9CCE0073A87A /* UdacityStudiesTests */,
				8ABA21AD2D6C9CCE0073A87A /* UdacityStudiesUITests */,
			);
		};
/* End PBXProject section */

/* Begin PBXResourcesBuildPhase section */
		8ABA21922D6C9CCC0073A87A /* Resources */ = {
			isa = PBXResourcesBuildPhase;
			buildActionMask = 2147483647;
			files = (
			);
			runOnlyForDeploymentPostprocessing = 0;
		};
		8ABA21A22D6C9CCE0073A87A /* Resources */ = {
			isa = PBXResourcesBuildPhase;
			buildActionMask = 2147483647;
			files = (
			);
			runOnlyForDeploymentPostprocessing = 0;
		};
		8ABA21AC2D6C9CCE0073A87A /* Resources */ = {
			isa = PBXResourcesBuildPhase;
			buildActionMask = 2147483647;
			files = (
			);
			runOnlyForDeploymentPostprocessing = 0;
		};
/* End PBXResourcesBuildPhase section */

/* Begin PBXSourcesBuildPhase section */
		8ABA21902D6C9CCC0073A87A /* Sources */ = {
			isa = PBXSourcesBuildPhase;
			buildActionMask = 2147483647;
			files = (
				8A6DD0F52D6F237D009307A0 /* POSTRequest.swift in Sources */,
			);
			runOnlyForDeploymentPostprocessing = 0;
		};
		8ABA21A02D6C9CCE0073A87A /* Sources */ = {
			isa = PBXSourcesBuildPhase;
			buildActionMask = 2147483647;
			files = (
			);
			runOnlyForDeploymentPostprocessing = 0;
		};
		8ABA21AA2D6C9CCE0073A87A /* Sources */ = {
			isa = PBXSourcesBuildPhase;
			buildActionMask = 2147483647;
			files = (
			);
			runOnlyForDeploymentPostprocessing = 0;
		};
/* End PBXSourcesBuildPhase section */

/* Begin PBXTargetDependency section */
		8ABA21A62D6C9CCE0073A87A /* PBXTargetDependency */ = {
			isa = PBXTargetDependency;
			target = 8ABA21932D6C9CCC0073A87A /* UdacityStudies */;
			targetProxy = 8ABA21A52D6C9CCE0073A87A /* PBXContainerItemProxy */;
		};
		8ABA21B02D6C9CCE0073A87A /* PBXTargetDependency */ = {
			isa = PBXTargetDependency;
			target = 8ABA21932D6C9CCC0073A87A /* UdacityStudies */;
			targetProxy = 8ABA21AF2D6C9CCE0073A87A /* PBXContainerItemProxy */;
		};
/* End PBXTargetDependency section */

/* Begin XCBuildConfiguration section */
		8ABA21B62D6C9CCE0073A87A /* Debug */ = {
			isa = XCBuildConfiguration;
			buildSettings = {
				ALWAYS_SEARCH_USER_PATHS = NO;
				ASSETCATALOG_COMPILER_GENERATE_SWIFT_ASSET_SYMBOL_EXTENSIONS = YES;
				CLANG_ANALYZER_NONNULL = YES;
				CLANG_ANALYZER_NUMBER_OBJECT_CONVERSION = YES_AGGRESSIVE;
				CLANG_CXX_LANGUAGE_STANDARD = "gnu++20";
				CLANG_ENABLE_MODULES = YES;
				CLANG_ENABLE_OBJC_ARC = YES;
				CLANG_ENABLE_OBJC_WEAK = YES;
				CLANG_WARN_BLOCK_CAPTURE_AUTORELEASING = YES;
				CLANG_WARN_BOOL_CONVERSION = YES;
				CLANG_WARN_COMMA = YES;
				CLANG_WARN_CONSTANT_CONVERSION = YES;
				CLANG_WARN_DEPRECATED_OBJC_IMPLEMENTATIONS = YES;
				CLANG_WARN_DIRECT_OBJC_ISA_USAGE = YES_ERROR;
				CLANG_WARN_DOCUMENTATION_COMMENTS = YES;
				CLANG_WARN_EMPTY_BODY = YES;
				CLANG_WARN_ENUM_CONVERSION = YES;
				CLANG_WARN_INFINITE_RECURSION = YES;
				CLANG_WARN_INT_CONVERSION = YES;
				CLANG_WARN_NON_LITERAL_NULL_CONVERSION = YES;
				CLANG_WARN_OBJC_IMPLICIT_RETAIN_SELF = YES;
				CLANG_WARN_OBJC_LITERAL_CONVERSION = YES;
				CLANG_WARN_OBJC_ROOT_CLASS = YES_ERROR;
				CLANG_WARN_QUOTED_INCLUDE_IN_FRAMEWORK_HEADER = YES;
				CLANG_WARN_RANGE_LOOP_ANALYSIS = YES;
				CLANG_WARN_STRICT_PROTOTYPES = YES;
				CLANG_WARN_SUSPICIOUS_MOVE = YES;
				CLANG_WARN_UNGUARDED_AVAILABILITY = YES_AGGRESSIVE;
				CLANG_WARN_UNREACHABLE_CODE = YES;
				CLANG_WARN__DUPLICATE_METHOD_MATCH = YES;
				COPY_PHASE_STRIP = NO;
				DEBUG_INFORMATION_FORMAT = dwarf;
				ENABLE_STRICT_OBJC_MSGSEND = YES;
				ENABLE_TESTABILITY = YES;
				ENABLE_USER_SCRIPT_SANDBOXING = YES;
				GCC_C_LANGUAGE_STANDARD = gnu17;
				GCC_DYNAMIC_NO_PIC = NO;
				GCC_NO_COMMON_BLOCKS = YES;
				GCC_OPTIMIZATION_LEVEL = 0;
				GCC_PREPROCESSOR_DEFINITIONS = (
					"DEBUG=1",
					"$(inherited)",
				);
				GCC_WARN_64_TO_32_BIT_CONVERSION = YES;
				GCC_WARN_ABOUT_RETURN_TYPE = YES_ERROR;
				GCC_WARN_UNDECLARED_SELECTOR = YES;
				GCC_WARN_UNINITIALIZED_AUTOS = YES_AGGRESSIVE;
				GCC_WARN_UNUSED_FUNCTION = YES;
				GCC_WARN_UNUSED_VARIABLE = YES;
				IPHONEOS_DEPLOYMENT_TARGET = 18.2;
				LOCALIZATION_PREFERS_STRING_CATALOGS = YES;
				MTL_ENABLE_DEBUG_INFO = INCLUDE_SOURCE;
				MTL_FAST_MATH = YES;
				ONLY_ACTIVE_ARCH = YES;
				SDKROOT = iphoneos;
				SWIFT_ACTIVE_COMPILATION_CONDITIONS = "DEBUG $(inherited)";
				SWIFT_OPTIMIZATION_LEVEL = "-Onone";
			};
			name = Debug;
		};
		8ABA21B72D6C9CCE0073A87A /* Release */ = {
			isa = XCBuildConfiguration;
			buildSettings = {
				ALWAYS_SEARCH_USER_PATHS = NO;
				ASSETCATALOG_COMPILER_GENERATE_SWIFT_ASSET_SYMBOL_EXTENSIONS = YES;
				CLANG_ANALYZER_NONNULL = YES;
				CLANG_ANALYZER_NUMBER_OBJECT_CONVERSION = YES_AGGRESSIVE;
				CLANG_CXX_LANGUAGE_STANDARD = "gnu++20";
				CLANG_ENABLE_MODULES = YES;
				CLANG_ENABLE_OBJC_ARC = YES;
				CLANG_ENABLE_OBJC_WEAK = YES;
				CLANG_WARN_BLOCK_CAPTURE_AUTORELEASING = YES;
				CLANG_WARN_BOOL_CONVERSION = YES;
				CLANG_WARN_COMMA = YES;
				CLANG_WARN_CONSTANT_CONVERSION = YES;
				CLANG_WARN_DEPRECATED_OBJC_IMPLEMENTATIONS = YES;
				CLANG_WARN_DIRECT_OBJC_ISA_USAGE = YES_ERROR;
				CLANG_WARN_DOCUMENTATION_COMMENTS = YES;
				CLANG_WARN_EMPTY_BODY = YES;
				CLANG_WARN_ENUM_CONVERSION = YES;
				CLANG_WARN_INFINITE_RECURSION = YES;
				CLANG_WARN_INT_CONVERSION = YES;
				CLANG_WARN_NON_LITERAL_NULL_CONVERSION = YES;
				CLANG_WARN_OBJC_IMPLICIT_RETAIN_SELF = YES;
				CLANG_WARN_OBJC_LITERAL_CONVERSION = YES;
				CLANG_WARN_OBJC_ROOT_CLASS = YES_ERROR;
				CLANG_WARN_QUOTED_INCLUDE_IN_FRAMEWORK_HEADER = YES;
				CLANG_WARN_RANGE_LOOP_ANALYSIS = YES;
				CLANG_WARN_STRICT_PROTOTYPES = YES;
				CLANG_WARN_SUSPICIOUS_MOVE = YES;
				CLANG_WARN_UNGUARDED_AVAILABILITY = YES_AGGRESSIVE;
				CLANG_WARN_UNREACHABLE_CODE = YES;
				CLANG_WARN__DUPLICATE_METHOD_MATCH = YES;
				COPY_PHASE_STRIP = NO;
				DEBUG_INFORMATION_FORMAT = "dwarf-with-dsym";
				ENABLE_NS_ASSERTIONS = NO;
				ENABLE_STRICT_OBJC_MSGSEND = YES;
				ENABLE_USER_SCRIPT_SANDBOXING = YES;
				GCC_C_LANGUAGE_STANDARD = gnu17;
				GCC_NO_COMMON_BLOCKS = YES;
				GCC_WARN_64_TO_32_BIT_CONVERSION = YES;
				GCC_WARN_ABOUT_RETURN_TYPE = YES_ERROR;
				GCC_WARN_UNDECLARED_SELECTOR = YES;
				GCC_WARN_UNINITIALIZED_AUTOS = YES_AGGRESSIVE;
				GCC_WARN_UNUSED_FUNCTION = YES;
				GCC_WARN_UNUSED_VARIABLE = YES;
				IPHONEOS_DEPLOYMENT_TARGET = 18.2;
				LOCALIZATION_PREFERS_STRING_CATALOGS = YES;
				MTL_ENABLE_DEBUG_INFO = NO;
				MTL_FAST_MATH = YES;
				SDKROOT = iphoneos;
				SWIFT_COMPILATION_MODE = wholemodule;
				VALIDATE_PRODUCT = YES;
			};
			name = Release;
		};
		8ABA21B92D6C9CCE0073A87A /* Debug */ = {
			isa = XCBuildConfiguration;
			buildSettings = {
				ASSETCATALOG_COMPILER_APPICON_NAME = AppIcon;
				ASSETCATALOG_COMPILER_GLOBAL_ACCENT_COLOR_NAME = AccentColor;
				CODE_SIGN_ENTITLEMENTS = UdacityStudies/UdacityStudiesDebug.entitlements;
				CODE_SIGN_STYLE = Automatic;
				CURRENT_PROJECT_VERSION = 1;
				DEVELOPMENT_ASSET_PATHS = "\"udacityStudies/Preview Content\"";
				DEVELOPMENT_TEAM = Q3P9S9Y8NQ;
				ENABLE_PREVIEWS = YES;
				GENERATE_INFOPLIST_FILE = YES;
				INFOPLIST_KEY_CFBundleDisplayName = "XC br meunomeecris udacityStudies";
				INFOPLIST_KEY_UIApplicationSceneManifest_Generation = YES;
				INFOPLIST_KEY_UIApplicationSupportsIndirectInputEvents = YES;
				INFOPLIST_KEY_UILaunchScreen_Generation = YES;
				INFOPLIST_KEY_UISupportedInterfaceOrientations_iPad = "UIInterfaceOrientationPortrait UIInterfaceOrientationPortraitUpsideDown UIInterfaceOrientationLandscapeLeft UIInterfaceOrientationLandscapeRight";
				INFOPLIST_KEY_UISupportedInterfaceOrientations_iPhone = "UIInterfaceOrientationPortrait UIInterfaceOrientationLandscapeLeft UIInterfaceOrientationLandscapeRight";
				LD_RUNPATH_SEARCH_PATHS = (
					"$(inherited)",
					"@executable_path/Frameworks",
				);
				MARKETING_VERSION = 1.0;
				PRODUCT_BUNDLE_IDENTIFIER = meunomeecris.udacityStudies;
				PRODUCT_NAME = "$(TARGET_NAME)";
				SUPPORTED_PLATFORMS = "iphoneos iphonesimulator";
				SUPPORTS_MACCATALYST = NO;
				SUPPORTS_MAC_DESIGNED_FOR_IPHONE_IPAD = NO;
				SUPPORTS_XR_DESIGNED_FOR_IPHONE_IPAD = NO;
				SWIFT_EMIT_LOC_STRINGS = YES;
				SWIFT_VERSION = 5.0;
				TARGETED_DEVICE_FAMILY = 1;
			};
			name = Debug;
		};
		8ABA21BA2D6C9CCE0073A87A /* Release */ = {
			isa = XCBuildConfiguration;
			buildSettings = {
				ASSETCATALOG_COMPILER_APPICON_NAME = AppIcon;
				ASSETCATALOG_COMPILER_GLOBAL_ACCENT_COLOR_NAME = AccentColor;
				CODE_SIGN_ENTITLEMENTS = UdacityStudies/UdacityStudiesRelease.entitlements;
				CODE_SIGN_STYLE = Automatic;
				CURRENT_PROJECT_VERSION = 1;
				DEVELOPMENT_ASSET_PATHS = "\"udacityStudies/Preview Content\"";
				DEVELOPMENT_TEAM = 7T93UNM5FF;
				ENABLE_PREVIEWS = YES;
				GENERATE_INFOPLIST_FILE = YES;
				INFOPLIST_KEY_CFBundleDisplayName = "XC br meunomeecris udacityStudies";
				INFOPLIST_KEY_UIApplicationSceneManifest_Generation = YES;
				INFOPLIST_KEY_UIApplicationSupportsIndirectInputEvents = YES;
				INFOPLIST_KEY_UILaunchScreen_Generation = YES;
				INFOPLIST_KEY_UISupportedInterfaceOrientations_iPad = "UIInterfaceOrientationPortrait UIInterfaceOrientationPortraitUpsideDown UIInterfaceOrientationLandscapeLeft UIInterfaceOrientationLandscapeRight";
				INFOPLIST_KEY_UISupportedInterfaceOrientations_iPhone = "UIInterfaceOrientationPortrait UIInterfaceOrientationLandscapeLeft UIInterfaceOrientationLandscapeRight";
				LD_RUNPATH_SEARCH_PATHS = (
					"$(inherited)",
					"@executable_path/Frameworks",
				);
				MARKETING_VERSION = 1.0;
				PRODUCT_BUNDLE_IDENTIFIER = meunomeecris.udacityStudies;
				PRODUCT_NAME = "$(TARGET_NAME)";
				SUPPORTED_PLATFORMS = "iphoneos iphonesimulator";
				SUPPORTS_MACCATALYST = NO;
				SUPPORTS_MAC_DESIGNED_FOR_IPHONE_IPAD = NO;
				SUPPORTS_XR_DESIGNED_FOR_IPHONE_IPAD = NO;
				SWIFT_EMIT_LOC_STRINGS = YES;
				SWIFT_VERSION = 5.0;
				TARGETED_DEVICE_FAMILY = 1;
			};
			name = Release;
		};
		8ABA21BC2D6C9CCE0073A87A /* Debug */ = {
			isa = XCBuildConfiguration;
			buildSettings = {
				BUNDLE_LOADER = "$(TEST_HOST)";
				CODE_SIGN_STYLE = Automatic;
				CURRENT_PROJECT_VERSION = 1;
				DEVELOPMENT_TEAM = 7T93UNM5FF;
				GENERATE_INFOPLIST_FILE = YES;
				IPHONEOS_DEPLOYMENT_TARGET = 18.2;
				MARKETING_VERSION = 1.0;
				PRODUCT_BUNDLE_IDENTIFIER = meunomeecris.udacityStudiesTests;
				PRODUCT_NAME = "$(TARGET_NAME)";
				SWIFT_EMIT_LOC_STRINGS = NO;
				SWIFT_VERSION = 5.0;
				TARGETED_DEVICE_FAMILY = "1,2";
				TEST_HOST = "$(BUILT_PRODUCTS_DIR)/UdacityStudies.app/$(BUNDLE_EXECUTABLE_FOLDER_PATH)/UdacityStudies";
			};
			name = Debug;
		};
		8ABA21BD2D6C9CCE0073A87A /* Release */ = {
			isa = XCBuildConfiguration;
			buildSettings = {
				BUNDLE_LOADER = "$(TEST_HOST)";
				CODE_SIGN_STYLE = Automatic;
				CURRENT_PROJECT_VERSION = 1;
				DEVELOPMENT_TEAM = 7T93UNM5FF;
				GENERATE_INFOPLIST_FILE = YES;
				IPHONEOS_DEPLOYMENT_TARGET = 18.2;
				MARKETING_VERSION = 1.0;
				PRODUCT_BUNDLE_IDENTIFIER = meunomeecris.udacityStudiesTests;
				PRODUCT_NAME = "$(TARGET_NAME)";
				SWIFT_EMIT_LOC_STRINGS = NO;
				SWIFT_VERSION = 5.0;
				TARGETED_DEVICE_FAMILY = "1,2";
				TEST_HOST = "$(BUILT_PRODUCTS_DIR)/UdacityStudies.app/$(BUNDLE_EXECUTABLE_FOLDER_PATH)/UdacityStudies";
			};
			name = Release;
		};
		8ABA21BF2D6C9CCE0073A87A /* Debug */ = {
			isa = XCBuildConfiguration;
			buildSettings = {
				CODE_SIGN_STYLE = Automatic;
				CURRENT_PROJECT_VERSION = 1;
				DEVELOPMENT_TEAM = 7T93UNM5FF;
				GENERATE_INFOPLIST_FILE = YES;
				MARKETING_VERSION = 1.0;
				PRODUCT_BUNDLE_IDENTIFIER = meunomeecris.udacityStudiesUITests;
				PRODUCT_NAME = "$(TARGET_NAME)";
				SWIFT_EMIT_LOC_STRINGS = NO;
				SWIFT_VERSION = 5.0;
				TARGETED_DEVICE_FAMILY = "1,2";
				TEST_TARGET_NAME = udacityStudies;
			};
			name = Debug;
		};
		8ABA21C02D6C9CCE0073A87A /* Release */ = {
			isa = XCBuildConfiguration;
			buildSettings = {
				CODE_SIGN_STYLE = Automatic;
				CURRENT_PROJECT_VERSION = 1;
				DEVELOPMENT_TEAM = 7T93UNM5FF;
				GENERATE_INFOPLIST_FILE = YES;
				MARKETING_VERSION = 1.0;
				PRODUCT_BUNDLE_IDENTIFIER = meunomeecris.udacityStudiesUITests;
				PRODUCT_NAME = "$(TARGET_NAME)";
				SWIFT_EMIT_LOC_STRINGS = NO;
				SWIFT_VERSION = 5.0;
				TARGETED_DEVICE_FAMILY = "1,2";
				TEST_TARGET_NAME = udacityStudies;
			};
			name = Release;
		};
/* End XCBuildConfiguration section */

/* Begin XCConfigurationList section */
		8ABA218F2D6C9CCC0073A87A /* Build configuration list for PBXProject "UdacityStudies" */ = {
			isa = XCConfigurationList;
			buildConfigurations = (
				8ABA21B62D6C9CCE0073A87A /* Debug */,
				8ABA21B72D6C9CCE0073A87A /* Release */,
			);
			defaultConfigurationIsVisible = 0;
			defaultConfigurationName = Release;
		};
		8ABA21B82D6C9CCE0073A87A /* Build configuration list for PBXNativeTarget "UdacityStudies" */ = {
			isa = XCConfigurationList;
			buildConfigurations = (
				8ABA21B92D6C9CCE0073A87A /* Debug */,
				8ABA21BA2D6C9CCE0073A87A /* Release */,
			);
			defaultConfigurationIsVisible = 0;
			defaultConfigurationName = Release;
		};
		8ABA21BB2D6C9CCE0073A87A /* Build configuration list for PBXNativeTarget "UdacityStudiesTests" */ = {
			isa = XCConfigurationList;
			buildConfigurations = (
				8ABA21BC2D6C9CCE0073A87A /* Debug */,
				8ABA21BD2D6C9CCE0073A87A /* Release */,
			);
			defaultConfigurationIsVisible = 0;
			defaultConfigurationName = Release;
		};
		8ABA21BE2D6C9CCE0073A87A /* Build configuration list for PBXNativeTarget "UdacityStudiesUITests" */ = {
			isa = XCConfigurationList;
			buildConfigurations = (
				8ABA21BF2D6C9CCE0073A87A /* Debug */,
				8ABA21C02D6C9CCE0073A87A /* Release */,
			);
			defaultConfigurationIsVisible = 0;
			defaultConfigurationName = Release;
		};
/* End XCConfigurationList section */

/* Begin XCRemoteSwiftPackageReference section */
		8A9839082D7D90CF00761D6D /* XCRemoteSwiftPackageReference "keychain-swift" */ = {
			isa = XCRemoteSwiftPackageReference;
			repositoryURL = "https://github.com/evgenyneu/keychain-swift.git";
			requirement = {
				kind = upToNextMajorVersion;
				minimumVersion = 24.0.0;
			};
		};
/* End XCRemoteSwiftPackageReference section */

/* Begin XCSwiftPackageProductDependency section */
		8A9839092D7D90CF00761D6D /* KeychainSwift */ = {
			isa = XCSwiftPackageProductDependency;
			package = 8A9839082D7D90CF00761D6D /* XCRemoteSwiftPackageReference "keychain-swift" */;
			productName = KeychainSwift;
		};
/* End XCSwiftPackageProductDependency section */
	};
	rootObject = 8ABA218C2D6C9CCC0073A87A /* Project object */;
}
